
Microsoft Visual Studio Solution File, Format Version 12.00
# Visual Studio Version 17
VisualStudioVersion = 17.1.32210.238
MinimumVisualStudioVersion = 10.0.40219.1
Project("{FAE04EC0-301F-11D3-BF4B-00C04F79EFBC}") = "TemperatureCalculator", "TemperatureCalculator\TemperatureCalculator.csproj", "{E4FF5005-4086-43C8-93C1-298A8E3B9B5D}"
EndProject
Global
	GlobalSection(SolutionConfigurationPlatforms) = preSolution
		Debug|Any CPU = Debug|Any CPU
		Release|Any CPU = Release|Any CPU
	EndGlobalSection
	GlobalSection(ProjectConfigurationPlatforms) = postSolution
		{E4FF5005-4086-43C8-93C1-298A8E3B9B5D}.Debug|Any CPU.ActiveCfg = Debug|Any CPU
		{E4FF5005-4086-43C8-93C1-298A8E3B9B5D}.Debug|Any CPU.Build.0 = Debug|Any CPU
		{E4FF5005-4086-43C8-93C1-298A8E3B9B5D}.Release|Any CPU.ActiveCfg = Release|Any CPU
		{E4FF5005-4086-43C8-93C1-298A8E3B9B5D}.Release|Any CPU.Build.0 = Release|Any CPU
	EndGlobalSection
	GlobalSection(SolutionProperties) = preSolution
		HideSolutionNode = FALSE
	EndGlobalSection
	GlobalSection(ExtensibilityGlobals) = postSolution
		SolutionGuid = {55BD5CD9-75B4-454C-AF9E-F84470414386}
	EndGlobalSection
EndGlobal
